
Microsoft Visual Studio Solution File, Format Version 12.00
# Visual Studio Version 16
VisualStudioVersion = 16.0.29411.108
MinimumVisualStudioVersion = 10.0.40219.1
Project("{9A19103F-16F7-4668-BE54-9A1E7A4F7556}") = "WPFDemo", "WPFDemo\WPFDemo.csproj", "{CF67562C-7E71-47CA-A62B-C019E192DC59}"
EndProject
Project("{9A19103F-16F7-4668-BE54-9A1E7A4F7556}") = "NoneBorderResizableWindows", "NoneBorderResizableWindows\NoneBorderResizableWindows.csproj", "{F2330F74-4E9B-45C6-BDBF-DE183CDC95FB}"
EndProject
Project("{9A19103F-16F7-4668-BE54-9A1E7A4F7556}") = "TypeConverterDemo", "TypeConverterDemo\TypeConverterDemo.csproj", "{AC42E609-9A4A-424D-A99F-120625EACBDA}"
EndProject
Project("{9A19103F-16F7-4668-BE54-9A1E7A4F7556}") = "BindingDemo", "BindingDemo\BindingDemo.csproj", "{B82CF41E-5266-4C4E-A188-AEFD05785250}"
EndProject
Project("{2150E333-8FDC-42A3-9474-1A3956D46DE8}") = "Document", "Document", "{CC0DA54A-A655-4272-AB1C-3F98F626D599}"
	ProjectSection(SolutionItems) = preProject
		D:\Desktop\深入浅出WPF完整版.pdf = D:\Desktop\深入浅出WPF完整版.pdf
	EndProjectSection
EndProject
Project("{9A19103F-16F7-4668-BE54-9A1E7A4F7556}") = "PropertyDemo", "PropertyDemo\PropertyDemo.csproj", "{AFA6CA1E-D031-460F-A820-001CF6772D11}"
EndProject
Project("{9A19103F-16F7-4668-BE54-9A1E7A4F7556}") = "DependencyPropertyDemo", "DependencyPropertyDemo\DependencyPropertyDemo.csproj", "{32537655-EE29-445C-AB0E-EBE4D229FC60}"
EndProject
Project("{9A19103F-16F7-4668-BE54-9A1E7A4F7556}") = "EventDemo", "EventDemo\EventDemo.csproj", "{C3362E75-B63E-47A2-B0E8-909ED138C5C7}"
EndProject
Project("{9A19103F-16F7-4668-BE54-9A1E7A4F7556}") = "CommandDemo", "CommandDemo\CommandDemo.csproj", "{7DE60D6B-ED00-4F0E-B4F6-C077900460C2}"
EndProject
Project("{9A19103F-16F7-4668-BE54-9A1E7A4F7556}") = "ResourceDemo", "ResourceDemo\ResourceDemo.csproj", "{F022E5CF-1EB0-4014-9CF6-49D5A33BCC95}"
EndProject
Project("{9A19103F-16F7-4668-BE54-9A1E7A4F7556}") = "TemplateDemo", "TemplateDemo\TemplateDemo.csproj", "{D5829139-AA65-4D1B-9919-55558A2FA851}"
EndProject
Project("{FAE04EC0-301F-11D3-BF4B-00C04F79EFBC}") = "StyleDemo", "StyleDemo\StyleDemo.csproj", "{8D545103-A0E9-48FA-B243-EEB1BC68377D}"
EndProject
Global
	GlobalSection(SolutionConfigurationPlatforms) = preSolution
		Debug|Any CPU = Debug|Any CPU
		Release|Any CPU = Release|Any CPU
	EndGlobalSection
	GlobalSection(ProjectConfigurationPlatforms) = postSolution
		{CF67562C-7E71-47CA-A62B-C019E192DC59}.Debug|Any CPU.ActiveCfg = Debug|Any CPU
		{CF67562C-7E71-47CA-A62B-C019E192DC59}.Debug|Any CPU.Build.0 = Debug|Any CPU
		{CF67562C-7E71-47CA-A62B-C019E192DC59}.Release|Any CPU.ActiveCfg = Release|Any CPU
		{CF67562C-7E71-47CA-A62B-C019E192DC59}.Release|Any CPU.Build.0 = Release|Any CPU
		{F2330F74-4E9B-45C6-BDBF-DE183CDC95FB}.Debug|Any CPU.ActiveCfg = Debug|Any CPU
		{F2330F74-4E9B-45C6-BDBF-DE183CDC95FB}.Debug|Any CPU.Build.0 = Debug|Any CPU
		{F2330F74-4E9B-45C6-BDBF-DE183CDC95FB}.Release|Any CPU.ActiveCfg = Release|Any CPU
		{F2330F74-4E9B-45C6-BDBF-DE183CDC95FB}.Release|Any CPU.Build.0 = Release|Any CPU
		{AC42E609-9A4A-424D-A99F-120625EACBDA}.Debug|Any CPU.ActiveCfg = Debug|Any CPU
		{AC42E609-9A4A-424D-A99F-120625EACBDA}.Debug|Any CPU.Build.0 = Debug|Any CPU
		{AC42E609-9A4A-424D-A99F-120625EACBDA}.Release|Any CPU.ActiveCfg = Release|Any CPU
		{AC42E609-9A4A-424D-A99F-120625EACBDA}.Release|Any CPU.Build.0 = Release|Any CPU
		{B82CF41E-5266-4C4E-A188-AEFD05785250}.Debug|Any CPU.ActiveCfg = Debug|Any CPU
		{B82CF41E-5266-4C4E-A188-AEFD05785250}.Debug|Any CPU.Build.0 = Debug|Any CPU
		{B82CF41E-5266-4C4E-A188-AEFD05785250}.Release|Any CPU.ActiveCfg = Release|Any CPU
		{B82CF41E-5266-4C4E-A188-AEFD05785250}.Release|Any CPU.Build.0 = Release|Any CPU
		{AFA6CA1E-D031-460F-A820-001CF6772D11}.Debug|Any CPU.ActiveCfg = Debug|Any CPU
		{AFA6CA1E-D031-460F-A820-001CF6772D11}.Debug|Any CPU.Build.0 = Debug|Any CPU
		{AFA6CA1E-D031-460F-A820-001CF6772D11}.Release|Any CPU.ActiveCfg = Release|Any CPU
		{AFA6CA1E-D031-460F-A820-001CF6772D11}.Release|Any CPU.Build.0 = Release|Any CPU
		{32537655-EE29-445C-AB0E-EBE4D229FC60}.Debug|Any CPU.ActiveCfg = Debug|Any CPU
		{32537655-EE29-445C-AB0E-EBE4D229FC60}.Debug|Any CPU.Build.0 = Debug|Any CPU
		{32537655-EE29-445C-AB0E-EBE4D229FC60}.Release|Any CPU.ActiveCfg = Release|Any CPU
		{32537655-EE29-445C-AB0E-EBE4D229FC60}.Release|Any CPU.Build.0 = Release|Any CPU
		{C3362E75-B63E-47A2-B0E8-909ED138C5C7}.Debug|Any CPU.ActiveCfg = Debug|Any CPU
		{C3362E75-B63E-47A2-B0E8-909ED138C5C7}.Debug|Any CPU.Build.0 = Debug|Any CPU
		{C3362E75-B63E-47A2-B0E8-909ED138C5C7}.Release|Any CPU.ActiveCfg = Release|Any CPU
		{C3362E75-B63E-47A2-B0E8-909ED138C5C7}.Release|Any CPU.Build.0 = Release|Any CPU
		{7DE60D6B-ED00-4F0E-B4F6-C077900460C2}.Debug|Any CPU.ActiveCfg = Debug|Any CPU
		{7DE60D6B-ED00-4F0E-B4F6-C077900460C2}.Debug|Any CPU.Build.0 = Debug|Any CPU
		{7DE60D6B-ED00-4F0E-B4F6-C077900460C2}.Release|Any CPU.ActiveCfg = Release|Any CPU
		{7DE60D6B-ED00-4F0E-B4F6-C077900460C2}.Release|Any CPU.Build.0 = Release|Any CPU
		{F022E5CF-1EB0-4014-9CF6-49D5A33BCC95}.Debug|Any CPU.ActiveCfg = Debug|Any CPU
		{F022E5CF-1EB0-4014-9CF6-49D5A33BCC95}.Debug|Any CPU.Build.0 = Debug|Any CPU
		{F022E5CF-1EB0-4014-9CF6-49D5A33BCC95}.Release|Any CPU.ActiveCfg = Release|Any CPU
		{F022E5CF-1EB0-4014-9CF6-49D5A33BCC95}.Release|Any CPU.Build.0 = Release|Any CPU
		{D5829139-AA65-4D1B-9919-55558A2FA851}.Debug|Any CPU.ActiveCfg = Debug|Any CPU
		{D5829139-AA65-4D1B-9919-55558A2FA851}.Debug|Any CPU.Build.0 = Debug|Any CPU
		{D5829139-AA65-4D1B-9919-55558A2FA851}.Release|Any CPU.ActiveCfg = Release|Any CPU
		{D5829139-AA65-4D1B-9919-55558A2FA851}.Release|Any CPU.Build.0 = Release|Any CPU
		{8D545103-A0E9-48FA-B243-EEB1BC68377D}.Debug|Any CPU.ActiveCfg = Debug|Any CPU
		{8D545103-A0E9-48FA-B243-EEB1BC68377D}.Debug|Any CPU.Build.0 = Debug|Any CPU
		{8D545103-A0E9-48FA-B243-EEB1BC68377D}.Release|Any CPU.ActiveCfg = Release|Any CPU
		{8D545103-A0E9-48FA-B243-EEB1BC68377D}.Release|Any CPU.Build.0 = Release|Any CPU
	EndGlobalSection
	GlobalSection(SolutionProperties) = preSolution
		HideSolutionNode = FALSE
	EndGlobalSection
	GlobalSection(ExtensibilityGlobals) = postSolution
		SolutionGuid = {FD50D128-5EAC-4770-81B9-F657E0D8B95D}
	EndGlobalSection
EndGlobal
